
Microsoft Visual Studio Solution File, Format Version 12.00
Project("{FAE04EC0-301F-11D3-BF4B-00C04F79EFBC}") = "DemoRepository", "DemoRepository.csproj", "{EE0DB74D-D9D9-4F06-AA2B-E9B534323CBD}"
EndProject
Global
	GlobalSection(SolutionConfigurationPlatforms) = preSolution
		Debug|Any CPU = Debug|Any CPU
		Release|Any CPU = Release|Any CPU
	EndGlobalSection
	GlobalSection(ProjectConfigurationPlatforms) = postSolution
		{EE0DB74D-D9D9-4F06-AA2B-E9B534323CBD}.Debug|Any CPU.ActiveCfg = Debug|Any CPU
		{EE0DB74D-D9D9-4F06-AA2B-E9B534323CBD}.Debug|Any CPU.Build.0 = Debug|Any CPU
		{EE0DB74D-D9D9-4F06-AA2B-E9B534323CBD}.Release|Any CPU.ActiveCfg = Release|Any CPU
		{EE0DB74D-D9D9-4F06-AA2B-E9B534323CBD}.Release|Any CPU.Build.0 = Release|Any CPU
	EndGlobalSection
EndGlobal
